
Microsoft Visual Studio Solution File, Format Version 12.00
# Visual Studio Version 17
VisualStudioVersion = 17.2.32505.173
MinimumVisualStudioVersion = 10.0.40219.1
Project("{FAE04EC0-301F-11D3-BF4B-00C04F79EFBC}") = "BinReader", "BinReader.csproj", "{8741CBB3-5749-45E2-80B2-40D7FAEF4E3D}"
EndProject
Project("{FAE04EC0-301F-11D3-BF4B-00C04F79EFBC}") = "BinaryReaderLibraryTest", "BinaryReaderLibraryTest\BinaryReaderLibraryTest.csproj", "{96A7DD50-4FC9-4718-A9BB-F02F8A9F056F}"
EndProject
Global
	GlobalSection(SolutionConfigurationPlatforms) = preSolution
		Debug|Any CPU = Debug|Any CPU
		Release|Any CPU = Release|Any CPU
	EndGlobalSection
	GlobalSection(ProjectConfigurationPlatforms) = postSolution
		{8741CBB3-5749-45E2-80B2-40D7FAEF4E3D}.Debug|Any CPU.ActiveCfg = Debug|Any CPU
		{8741CBB3-5749-45E2-80B2-40D7FAEF4E3D}.Debug|Any CPU.Build.0 = Debug|Any CPU
		{8741CBB3-5749-45E2-80B2-40D7FAEF4E3D}.Release|Any CPU.ActiveCfg = Release|Any CPU
		{8741CBB3-5749-45E2-80B2-40D7FAEF4E3D}.Release|Any CPU.Build.0 = Release|Any CPU
		{96A7DD50-4FC9-4718-A9BB-F02F8A9F056F}.Debug|Any CPU.ActiveCfg = Debug|Any CPU
		{96A7DD50-4FC9-4718-A9BB-F02F8A9F056F}.Debug|Any CPU.Build.0 = Debug|Any CPU
		{96A7DD50-4FC9-4718-A9BB-F02F8A9F056F}.Release|Any CPU.ActiveCfg = Release|Any CPU
		{96A7DD50-4FC9-4718-A9BB-F02F8A9F056F}.Release|Any CPU.Build.0 = Release|Any CPU
	EndGlobalSection
	GlobalSection(SolutionProperties) = preSolution
		HideSolutionNode = FALSE
	EndGlobalSection
	GlobalSection(ExtensibilityGlobals) = postSolution
		SolutionGuid = {953D3F26-0867-4561-B9C5-828B652ECD56}
	EndGlobalSection
EndGlobal
